
Microsoft Visual Studio Solution File, Format Version 12.00
# Visual Studio Version 17
VisualStudioVersion = 17.1.32328.378
MinimumVisualStudioVersion = 10.0.40219.1
Project("{8BC9CEB8-8B4A-11D0-8D11-00A0C91BC942}") = "ControlStructures", "ControlStructures\ControlStructures.vcxproj", "{155F70C1-964F-40AE-8541-B897980A4305}"
EndProject
Project("{8BC9CEB8-8B4A-11D0-8D11-00A0C91BC942}") = "FOR", "FOR\FOR.vcxproj", "{4BB06F5B-16D0-4143-967F-40244D9DF741}"
EndProject
Project("{8BC9CEB8-8B4A-11D0-8D11-00A0C91BC942}") = "Geometry", "Geometry\Geometry.vcxproj", "{F6AEA9B1-8D1D-44B6-9CA1-971658557FE5}"
EndProject
Project("{8BC9CEB8-8B4A-11D0-8D11-00A0C91BC942}") = "3D", "3D\3D\3D.vcxproj", "{16C0C496-B6FD-4B56-A739-E20D72802E4A}"
EndProject
Global
	GlobalSection(SolutionConfigurationPlatforms) = preSolution
		Debug|x64 = Debug|x64
		Debug|x86 = Debug|x86
		Release|x64 = Release|x64
		Release|x86 = Release|x86
	EndGlobalSection
	GlobalSection(ProjectConfigurationPlatforms) = postSolution
		{155F70C1-964F-40AE-8541-B897980A4305}.Debug|x64.ActiveCfg = Debug|x64
		{155F70C1-964F-40AE-8541-B897980A4305}.Debug|x64.Build.0 = Debug|x64
		{155F70C1-964F-40AE-8541-B897980A4305}.Debug|x86.ActiveCfg = Debug|Win32
		{155F70C1-964F-40AE-8541-B897980A4305}.Debug|x86.Build.0 = Debug|Win32
		{155F70C1-964F-40AE-8541-B897980A4305}.Release|x64.ActiveCfg = Release|x64
		{155F70C1-964F-40AE-8541-B897980A4305}.Release|x64.Build.0 = Release|x64
		{155F70C1-964F-40AE-8541-B897980A4305}.Release|x86.ActiveCfg = Release|Win32
		{155F70C1-964F-40AE-8541-B897980A4305}.Release|x86.Build.0 = Release|Win32
		{4BB06F5B-16D0-4143-967F-40244D9DF741}.Debug|x64.ActiveCfg = Debug|x64
		{4BB06F5B-16D0-4143-967F-40244D9DF741}.Debug|x64.Build.0 = Debug|x64
		{4BB06F5B-16D0-4143-967F-40244D9DF741}.Debug|x86.ActiveCfg = Debug|Win32
		{4BB06F5B-16D0-4143-967F-40244D9DF741}.Debug|x86.Build.0 = Debug|Win32
		{4BB06F5B-16D0-4143-967F-40244D9DF741}.Release|x64.ActiveCfg = Release|x64
		{4BB06F5B-16D0-4143-967F-40244D9DF741}.Release|x64.Build.0 = Release|x64
		{4BB06F5B-16D0-4143-967F-40244D9DF741}.Release|x86.ActiveCfg = Release|Win32
		{4BB06F5B-16D0-4143-967F-40244D9DF741}.Release|x86.Build.0 = Release|Win32
		{F6AEA9B1-8D1D-44B6-9CA1-971658557FE5}.Debug|x64.ActiveCfg = Debug|x64
		{F6AEA9B1-8D1D-44B6-9CA1-971658557FE5}.Debug|x64.Build.0 = Debug|x64
		{F6AEA9B1-8D1D-44B6-9CA1-971658557FE5}.Debug|x86.ActiveCfg = Debug|Win32
		{F6AEA9B1-8D1D-44B6-9CA1-971658557FE5}.Debug|x86.Build.0 = Debug|Win32
		{F6AEA9B1-8D1D-44B6-9CA1-971658557FE5}.Release|x64.ActiveCfg = Release|x64
		{F6AEA9B1-8D1D-44B6-9CA1-971658557FE5}.Release|x64.Build.0 = Release|x64
		{F6AEA9B1-8D1D-44B6-9CA1-971658557FE5}.Release|x86.ActiveCfg = Release|Win32
		{F6AEA9B1-8D1D-44B6-9CA1-971658557FE5}.Release|x86.Build.0 = Release|Win32
		{16C0C496-B6FD-4B56-A739-E20D72802E4A}.Debug|x64.ActiveCfg = Debug|x64
		{16C0C496-B6FD-4B56-A739-E20D72802E4A}.Debug|x64.Build.0 = Debug|x64
		{16C0C496-B6FD-4B56-A739-E20D72802E4A}.Debug|x86.ActiveCfg = Debug|Win32
		{16C0C496-B6FD-4B56-A739-E20D72802E4A}.Debug|x86.Build.0 = Debug|Win32
		{16C0C496-B6FD-4B56-A739-E20D72802E4A}.Release|x64.ActiveCfg = Release|x64
		{16C0C496-B6FD-4B56-A739-E20D72802E4A}.Release|x64.Build.0 = Release|x64
		{16C0C496-B6FD-4B56-A739-E20D72802E4A}.Release|x86.ActiveCfg = Release|Win32
		{16C0C496-B6FD-4B56-A739-E20D72802E4A}.Release|x86.Build.0 = Release|Win32
	EndGlobalSection
	GlobalSection(SolutionProperties) = preSolution
		HideSolutionNode = FALSE
	EndGlobalSection
	GlobalSection(ExtensibilityGlobals) = postSolution
		SolutionGuid = {3D431F35-AB18-4A1C-8AE1-5B0B4CC89683}
	EndGlobalSection
EndGlobal
